
Microsoft Visual Studio Solution File, Format Version 12.00
# Visual Studio 2013
VisualStudioVersion = 12.0.21005.1
MinimumVisualStudioVersion = 10.0.40219.1
Project("{FAE04EC0-301F-11D3-BF4B-00C04F79EFBC}") = "OBear.DI.Autofac", "OBear.DI.Autofac\OBear.DI.Autofac.csproj", "{C76B4E9F-1F09-4BA8-BEC8-2F51F18FB034}"
EndProject
Project("{2150E333-8FDC-42A3-9474-1A3956D46DE8}") = "02-Ioc", "02-Ioc", "{0D5044BF-6E70-4487-88C4-7A26C57B6F1F}"
EndProject
Project("{2150E333-8FDC-42A3-9474-1A3956D46DE8}") = "基础", "基础", "{F7880620-E288-4070-BFD8-77083A84598C}"
EndProject
Project("{2150E333-8FDC-42A3-9474-1A3956D46DE8}") = "应用", "应用", "{9BDC96AB-3E99-45CD-AD25-9A99AFC3C905}"
EndProject
Project("{2150E333-8FDC-42A3-9474-1A3956D46DE8}") = "01-Presentation", "01-Presentation", "{FDBDF03B-EC83-4769-84FD-9BFE01E02DED}"
EndProject
Project("{FAE04EC0-301F-11D3-BF4B-00C04F79EFBC}") = "01-Applications.Presentation.Managements", "01-Applications.Presentation.Managements\01-Applications.Presentation.Managements.csproj", "{D05F7660-4D2F-46AF-B15B-2D1A7379112E}"
EndProject
Project("{2150E333-8FDC-42A3-9474-1A3956D46DE8}") = "02-Services", "02-Services", "{7F3C7808-587E-4562-9657-D76165824540}"
EndProject
Project("{FAE04EC0-301F-11D3-BF4B-00C04F79EFBC}") = "Applications.Services", "Applications.Services\Applications.Services.csproj", "{718424DC-29D6-4863-B9B4-CF154CB288F9}"
EndProject
Project("{2150E333-8FDC-42A3-9474-1A3956D46DE8}") = "08-Services", "08-Services", "{BD338E08-3528-4EF7-A922-3FA9CFF7972A}"
EndProject
Project("{FAE04EC0-301F-11D3-BF4B-00C04F79EFBC}") = "OBear.ApplicationServices", "OBear.ApplicationServices\OBear.ApplicationServices.csproj", "{B8FCD256-9A3A-44B0-BF75-5EAFEC4BC8E5}"
EndProject
Project("{2150E333-8FDC-42A3-9474-1A3956D46DE8}") = "01-Core", "01-Core", "{D2747A06-7FB2-4589-B3C5-5D663159921E}"
EndProject
Project("{FAE04EC0-301F-11D3-BF4B-00C04F79EFBC}") = "OBear.Core", "OBear.Core\OBear.Core.csproj", "{F1EEB3E0-042C-461E-A672-759D1170538F}"
EndProject
Project("{2150E333-8FDC-42A3-9474-1A3956D46DE8}") = "03-Domains", "03-Domains", "{1BA47651-D573-45C9-AAB0-7C81498CDACB}"
EndProject
Project("{FAE04EC0-301F-11D3-BF4B-00C04F79EFBC}") = "02-Applications.Domains.Commons", "Application.Domains.Commons\02-Applications.Domains.Commons.csproj", "{F419D743-E46C-4729-A446-5A6C6AA4A755}"
EndProject
Project("{2150E333-8FDC-42A3-9474-1A3956D46DE8}") = "07-Datas", "07-Datas", "{78B73035-38F2-4EEA-844A-7BABD9C2EB97}"
EndProject
Project("{FAE04EC0-301F-11D3-BF4B-00C04F79EFBC}") = "03-OBear.Datas.Ef", "OBear.Datas.Ef\03-OBear.Datas.Ef.csproj", "{8FBF0731-24F8-4BA4-9CC8-61A722999F7D}"
EndProject
Project("{2150E333-8FDC-42A3-9474-1A3956D46DE8}") = "04-Infrastructure", "04-Infrastructure", "{D0349BDD-3EFA-4734-9B63-574E42CE3797}"
EndProject
Project("{FAE04EC0-301F-11D3-BF4B-00C04F79EFBC}") = "01-Applications.Infrastructure.Core", "Application.Infrastructure.Core\01-Applications.Infrastructure.Core.csproj", "{F06D7C04-BB3E-40BB-A50B-4D1874F19D6F}"
EndProject
Project("{FAE04EC0-301F-11D3-BF4B-00C04F79EFBC}") = "02-Applications.Datas.Ef", "Applications.Datas.Ef\02-Applications.Datas.Ef.csproj", "{5D64FA71-9F5B-4A19-8F09-589869A44BE6}"
EndProject
Project("{2150E333-8FDC-42A3-9474-1A3956D46DE8}") = "06-Domains", "06-Domains", "{7346AC52-E973-468E-A6B7-BC4EB379B7A0}"
EndProject
Project("{FAE04EC0-301F-11D3-BF4B-00C04F79EFBC}") = "OBear.Domains", "OBear.Domains\OBear.Domains.csproj", "{7F932367-7DC5-4073-9A1D-2B57AA71E9CC}"
EndProject
Project("{FAE04EC0-301F-11D3-BF4B-00C04F79EFBC}") = "01-Applications.Domains.Core", "Applications.Domains.Core\01-Applications.Domains.Core.csproj", "{A619BA60-0A08-45FA-9E30-E0636C6E554A}"
EndProject
Project("{2150E333-8FDC-42A3-9474-1A3956D46DE8}") = "03-json", "03-json", "{F2ABE98E-C5BA-4114-A0D1-38A35503A9E5}"
EndProject
Project("{FAE04EC0-301F-11D3-BF4B-00C04F79EFBC}") = "OBear.Json", "Util.Json\OBear.Json.csproj", "{855A1ED7-EE9A-4312-8E2C-E2F9D3A5287E}"
EndProject
Global
	GlobalSection(SolutionConfigurationPlatforms) = preSolution
		Debug|Any CPU = Debug|Any CPU
		Release|Any CPU = Release|Any CPU
	EndGlobalSection
	GlobalSection(ProjectConfigurationPlatforms) = postSolution
		{C76B4E9F-1F09-4BA8-BEC8-2F51F18FB034}.Debug|Any CPU.ActiveCfg = Debug|Any CPU
		{C76B4E9F-1F09-4BA8-BEC8-2F51F18FB034}.Debug|Any CPU.Build.0 = Debug|Any CPU
		{C76B4E9F-1F09-4BA8-BEC8-2F51F18FB034}.Release|Any CPU.ActiveCfg = Release|Any CPU
		{C76B4E9F-1F09-4BA8-BEC8-2F51F18FB034}.Release|Any CPU.Build.0 = Release|Any CPU
		{D05F7660-4D2F-46AF-B15B-2D1A7379112E}.Debug|Any CPU.ActiveCfg = Debug|Any CPU
		{D05F7660-4D2F-46AF-B15B-2D1A7379112E}.Debug|Any CPU.Build.0 = Debug|Any CPU
		{D05F7660-4D2F-46AF-B15B-2D1A7379112E}.Release|Any CPU.ActiveCfg = Release|Any CPU
		{D05F7660-4D2F-46AF-B15B-2D1A7379112E}.Release|Any CPU.Build.0 = Release|Any CPU
		{718424DC-29D6-4863-B9B4-CF154CB288F9}.Debug|Any CPU.ActiveCfg = Debug|Any CPU
		{718424DC-29D6-4863-B9B4-CF154CB288F9}.Debug|Any CPU.Build.0 = Debug|Any CPU
		{718424DC-29D6-4863-B9B4-CF154CB288F9}.Release|Any CPU.ActiveCfg = Release|Any CPU
		{718424DC-29D6-4863-B9B4-CF154CB288F9}.Release|Any CPU.Build.0 = Release|Any CPU
		{B8FCD256-9A3A-44B0-BF75-5EAFEC4BC8E5}.Debug|Any CPU.ActiveCfg = Debug|Any CPU
		{B8FCD256-9A3A-44B0-BF75-5EAFEC4BC8E5}.Debug|Any CPU.Build.0 = Debug|Any CPU
		{B8FCD256-9A3A-44B0-BF75-5EAFEC4BC8E5}.Release|Any CPU.ActiveCfg = Release|Any CPU
		{B8FCD256-9A3A-44B0-BF75-5EAFEC4BC8E5}.Release|Any CPU.Build.0 = Release|Any CPU
		{F1EEB3E0-042C-461E-A672-759D1170538F}.Debug|Any CPU.ActiveCfg = Debug|Any CPU
		{F1EEB3E0-042C-461E-A672-759D1170538F}.Debug|Any CPU.Build.0 = Debug|Any CPU
		{F1EEB3E0-042C-461E-A672-759D1170538F}.Release|Any CPU.ActiveCfg = Release|Any CPU
		{F1EEB3E0-042C-461E-A672-759D1170538F}.Release|Any CPU.Build.0 = Release|Any CPU
		{F419D743-E46C-4729-A446-5A6C6AA4A755}.Debug|Any CPU.ActiveCfg = Debug|Any CPU
		{F419D743-E46C-4729-A446-5A6C6AA4A755}.Debug|Any CPU.Build.0 = Debug|Any CPU
		{F419D743-E46C-4729-A446-5A6C6AA4A755}.Release|Any CPU.ActiveCfg = Release|Any CPU
		{F419D743-E46C-4729-A446-5A6C6AA4A755}.Release|Any CPU.Build.0 = Release|Any CPU
		{8FBF0731-24F8-4BA4-9CC8-61A722999F7D}.Debug|Any CPU.ActiveCfg = Debug|Any CPU
		{8FBF0731-24F8-4BA4-9CC8-61A722999F7D}.Debug|Any CPU.Build.0 = Debug|Any CPU
		{8FBF0731-24F8-4BA4-9CC8-61A722999F7D}.Release|Any CPU.ActiveCfg = Release|Any CPU
		{8FBF0731-24F8-4BA4-9CC8-61A722999F7D}.Release|Any CPU.Build.0 = Release|Any CPU
		{F06D7C04-BB3E-40BB-A50B-4D1874F19D6F}.Debug|Any CPU.ActiveCfg = Debug|Any CPU
		{F06D7C04-BB3E-40BB-A50B-4D1874F19D6F}.Debug|Any CPU.Build.0 = Debug|Any CPU
		{F06D7C04-BB3E-40BB-A50B-4D1874F19D6F}.Release|Any CPU.ActiveCfg = Release|Any CPU
		{F06D7C04-BB3E-40BB-A50B-4D1874F19D6F}.Release|Any CPU.Build.0 = Release|Any CPU
		{5D64FA71-9F5B-4A19-8F09-589869A44BE6}.Debug|Any CPU.ActiveCfg = Debug|Any CPU
		{5D64FA71-9F5B-4A19-8F09-589869A44BE6}.Debug|Any CPU.Build.0 = Debug|Any CPU
		{5D64FA71-9F5B-4A19-8F09-589869A44BE6}.Release|Any CPU.ActiveCfg = Release|Any CPU
		{5D64FA71-9F5B-4A19-8F09-589869A44BE6}.Release|Any CPU.Build.0 = Release|Any CPU
		{7F932367-7DC5-4073-9A1D-2B57AA71E9CC}.Debug|Any CPU.ActiveCfg = Debug|Any CPU
		{7F932367-7DC5-4073-9A1D-2B57AA71E9CC}.Debug|Any CPU.Build.0 = Debug|Any CPU
		{7F932367-7DC5-4073-9A1D-2B57AA71E9CC}.Release|Any CPU.ActiveCfg = Release|Any CPU
		{7F932367-7DC5-4073-9A1D-2B57AA71E9CC}.Release|Any CPU.Build.0 = Release|Any CPU
		{A619BA60-0A08-45FA-9E30-E0636C6E554A}.Debug|Any CPU.ActiveCfg = Debug|Any CPU
		{A619BA60-0A08-45FA-9E30-E0636C6E554A}.Debug|Any CPU.Build.0 = Debug|Any CPU
		{A619BA60-0A08-45FA-9E30-E0636C6E554A}.Release|Any CPU.ActiveCfg = Release|Any CPU
		{A619BA60-0A08-45FA-9E30-E0636C6E554A}.Release|Any CPU.Build.0 = Release|Any CPU
		{855A1ED7-EE9A-4312-8E2C-E2F9D3A5287E}.Debug|Any CPU.ActiveCfg = Debug|Any CPU
		{855A1ED7-EE9A-4312-8E2C-E2F9D3A5287E}.Debug|Any CPU.Build.0 = Debug|Any CPU
		{855A1ED7-EE9A-4312-8E2C-E2F9D3A5287E}.Release|Any CPU.ActiveCfg = Release|Any CPU
		{855A1ED7-EE9A-4312-8E2C-E2F9D3A5287E}.Release|Any CPU.Build.0 = Release|Any CPU
	EndGlobalSection
	GlobalSection(SolutionProperties) = preSolution
		HideSolutionNode = FALSE
	EndGlobalSection
	GlobalSection(NestedProjects) = preSolution
		{0D5044BF-6E70-4487-88C4-7A26C57B6F1F} = {F7880620-E288-4070-BFD8-77083A84598C}
		{BD338E08-3528-4EF7-A922-3FA9CFF7972A} = {F7880620-E288-4070-BFD8-77083A84598C}
		{D2747A06-7FB2-4589-B3C5-5D663159921E} = {F7880620-E288-4070-BFD8-77083A84598C}
		{78B73035-38F2-4EEA-844A-7BABD9C2EB97} = {F7880620-E288-4070-BFD8-77083A84598C}
		{7346AC52-E973-468E-A6B7-BC4EB379B7A0} = {F7880620-E288-4070-BFD8-77083A84598C}
		{F2ABE98E-C5BA-4114-A0D1-38A35503A9E5} = {F7880620-E288-4070-BFD8-77083A84598C}
		{C76B4E9F-1F09-4BA8-BEC8-2F51F18FB034} = {0D5044BF-6E70-4487-88C4-7A26C57B6F1F}
		{FDBDF03B-EC83-4769-84FD-9BFE01E02DED} = {9BDC96AB-3E99-45CD-AD25-9A99AFC3C905}
		{7F3C7808-587E-4562-9657-D76165824540} = {9BDC96AB-3E99-45CD-AD25-9A99AFC3C905}
		{1BA47651-D573-45C9-AAB0-7C81498CDACB} = {9BDC96AB-3E99-45CD-AD25-9A99AFC3C905}
		{D0349BDD-3EFA-4734-9B63-574E42CE3797} = {9BDC96AB-3E99-45CD-AD25-9A99AFC3C905}
		{D05F7660-4D2F-46AF-B15B-2D1A7379112E} = {FDBDF03B-EC83-4769-84FD-9BFE01E02DED}
		{718424DC-29D6-4863-B9B4-CF154CB288F9} = {7F3C7808-587E-4562-9657-D76165824540}
		{B8FCD256-9A3A-44B0-BF75-5EAFEC4BC8E5} = {BD338E08-3528-4EF7-A922-3FA9CFF7972A}
		{F1EEB3E0-042C-461E-A672-759D1170538F} = {D2747A06-7FB2-4589-B3C5-5D663159921E}
		{F419D743-E46C-4729-A446-5A6C6AA4A755} = {1BA47651-D573-45C9-AAB0-7C81498CDACB}
		{A619BA60-0A08-45FA-9E30-E0636C6E554A} = {1BA47651-D573-45C9-AAB0-7C81498CDACB}
		{8FBF0731-24F8-4BA4-9CC8-61A722999F7D} = {78B73035-38F2-4EEA-844A-7BABD9C2EB97}
		{F06D7C04-BB3E-40BB-A50B-4D1874F19D6F} = {D0349BDD-3EFA-4734-9B63-574E42CE3797}
		{5D64FA71-9F5B-4A19-8F09-589869A44BE6} = {D0349BDD-3EFA-4734-9B63-574E42CE3797}
		{7F932367-7DC5-4073-9A1D-2B57AA71E9CC} = {7346AC52-E973-468E-A6B7-BC4EB379B7A0}
		{855A1ED7-EE9A-4312-8E2C-E2F9D3A5287E} = {F2ABE98E-C5BA-4114-A0D1-38A35503A9E5}
	EndGlobalSection
EndGlobal
